
Microsoft Visual Studio Solution File, Format Version 12.00
# Visual Studio Version 17
VisualStudioVersion = 17.3.32901.215
MinimumVisualStudioVersion = 10.0.40219.1
Project("{9A19103F-16F7-4668-BE54-9A1E7A4F7556}") = "ECommerceCore", "ECommerceCore\ECommerceCore.csproj", "{17660019-B78E-420B-81B9-DDF29C055FC6}"
EndProject
Project("{FAE04EC0-301F-11D3-BF4B-00C04F79EFBC}") = "DataAccessLayer", "DataAccessLayer\DataAccessLayer.csproj", "{D41A6CC4-78C7-4826-82F3-6D9425F3AB7C}"
EndProject
Project("{FAE04EC0-301F-11D3-BF4B-00C04F79EFBC}") = "EntityLayer", "EntityLayer\EntityLayer.csproj", "{623A2A1A-ACDB-41E5-B9F7-E3BFF75BF853}"
EndProject
Project("{FAE04EC0-301F-11D3-BF4B-00C04F79EFBC}") = "BusinessLayer", "BusinessLayer\BusinessLayer.csproj", "{CAF0DE6E-83BD-498C-9FC2-3FC2CDB1F207}"
EndProject
Global
	GlobalSection(SolutionConfigurationPlatforms) = preSolution
		Debug|Any CPU = Debug|Any CPU
		Release|Any CPU = Release|Any CPU
	EndGlobalSection
	GlobalSection(ProjectConfigurationPlatforms) = postSolution
		{17660019-B78E-420B-81B9-DDF29C055FC6}.Debug|Any CPU.ActiveCfg = Debug|Any CPU
		{17660019-B78E-420B-81B9-DDF29C055FC6}.Debug|Any CPU.Build.0 = Debug|Any CPU
		{17660019-B78E-420B-81B9-DDF29C055FC6}.Release|Any CPU.ActiveCfg = Release|Any CPU
		{17660019-B78E-420B-81B9-DDF29C055FC6}.Release|Any CPU.Build.0 = Release|Any CPU
		{D41A6CC4-78C7-4826-82F3-6D9425F3AB7C}.Debug|Any CPU.ActiveCfg = Debug|Any CPU
		{D41A6CC4-78C7-4826-82F3-6D9425F3AB7C}.Debug|Any CPU.Build.0 = Debug|Any CPU
		{D41A6CC4-78C7-4826-82F3-6D9425F3AB7C}.Release|Any CPU.ActiveCfg = Release|Any CPU
		{D41A6CC4-78C7-4826-82F3-6D9425F3AB7C}.Release|Any CPU.Build.0 = Release|Any CPU
		{623A2A1A-ACDB-41E5-B9F7-E3BFF75BF853}.Debug|Any CPU.ActiveCfg = Debug|Any CPU
		{623A2A1A-ACDB-41E5-B9F7-E3BFF75BF853}.Debug|Any CPU.Build.0 = Debug|Any CPU
		{623A2A1A-ACDB-41E5-B9F7-E3BFF75BF853}.Release|Any CPU.ActiveCfg = Release|Any CPU
		{623A2A1A-ACDB-41E5-B9F7-E3BFF75BF853}.Release|Any CPU.Build.0 = Release|Any CPU
		{CAF0DE6E-83BD-498C-9FC2-3FC2CDB1F207}.Debug|Any CPU.ActiveCfg = Debug|Any CPU
		{CAF0DE6E-83BD-498C-9FC2-3FC2CDB1F207}.Debug|Any CPU.Build.0 = Debug|Any CPU
		{CAF0DE6E-83BD-498C-9FC2-3FC2CDB1F207}.Release|Any CPU.ActiveCfg = Release|Any CPU
		{CAF0DE6E-83BD-498C-9FC2-3FC2CDB1F207}.Release|Any CPU.Build.0 = Release|Any CPU
	EndGlobalSection
	GlobalSection(SolutionProperties) = preSolution
		HideSolutionNode = FALSE
	EndGlobalSection
	GlobalSection(ExtensibilityGlobals) = postSolution
		SolutionGuid = {0D4EF2D4-5826-4A60-8C44-F8663A76F46C}
	EndGlobalSection
EndGlobal
